
Microsoft Visual Studio Solution File, Format Version 12.00
# Visual Studio Version 16
VisualStudioVersion = 16.0.30717.126
MinimumVisualStudioVersion = 10.0.40219.1
Project("{FAE04EC0-301F-11D3-BF4B-00C04F79EFBC}") = "POGO BOT", "POGO BOT\POGO BOT.csproj", "{51E69CB9-5D92-4592-89F8-7BD9C6FB590A}"
EndProject
Global
	GlobalSection(SolutionConfigurationPlatforms) = preSolution
		Debug|Any CPU = Debug|Any CPU
		Release|Any CPU = Release|Any CPU
	EndGlobalSection
	GlobalSection(ProjectConfigurationPlatforms) = postSolution
		{51E69CB9-5D92-4592-89F8-7BD9C6FB590A}.Debug|Any CPU.ActiveCfg = Debug|Any CPU
		{51E69CB9-5D92-4592-89F8-7BD9C6FB590A}.Debug|Any CPU.Build.0 = Debug|Any CPU
		{51E69CB9-5D92-4592-89F8-7BD9C6FB590A}.Release|Any CPU.ActiveCfg = Release|Any CPU
		{51E69CB9-5D92-4592-89F8-7BD9C6FB590A}.Release|Any CPU.Build.0 = Release|Any CPU
	EndGlobalSection
	GlobalSection(SolutionProperties) = preSolution
		HideSolutionNode = FALSE
	EndGlobalSection
	GlobalSection(ExtensibilityGlobals) = postSolution
		SolutionGuid = {AFDC4C85-B6F4-439B-95EA-661CB21CCACB}
	EndGlobalSection
EndGlobal
